[root]
name = "binary_turk"
version = "0.0.1"
dependencies = [
 "env_logger 0.2.2 (registry+https://github.com/rust-lang/crates.io-index)",
 "uci 0.0.1",
]

[[package]]
name = "env_logger"
version = "0.2.2"
source = "registry+https://github.com/rust-lang/crates.io-index"
dependencies = [
 "log 0.2.4 (registry+https://github.com/rust-lang/crates.io-index)",
 "regex 0.1.15 (registry+https://github.com/rust-lang/crates.io-index)",
]

[[package]]
name = "game"
version = "0.0.1"
dependencies = [
 "log 0.2.4 (registry+https://github.com/rust-lang/crates.io-index)",
 "types 0.0.1",
]

[[package]]
name = "gcc"
version = "0.1.7"
source = "registry+https://github.com/rust-lang/crates.io-index"

[[package]]
name = "libc"
version = "0.1.2"
source = "registry+https://github.com/rust-lang/crates.io-index"

[[package]]
name = "log"
version = "0.2.4"
source = "registry+https://github.com/rust-lang/crates.io-index"

[[package]]
name = "regex"
version = "0.1.15"
source = "registry+https://github.com/rust-lang/crates.io-index"

[[package]]
name = "search"
version = "0.0.1"
dependencies = [
 "game 0.0.1",
 "log 0.2.4 (registry+https://github.com/rust-lang/crates.io-index)",
 "types 0.0.1",
]

[[package]]
name = "time"
version = "0.1.17"
source = "registry+https://github.com/rust-lang/crates.io-index"
dependencies = [
 "gcc 0.1.7 (registry+https://github.com/rust-lang/crates.io-index)",
 "libc 0.1.2 (registry+https://github.com/rust-lang/crates.io-index)",
]

[[package]]
name = "timer"
version = "0.0.1"
dependencies = [
 "game 0.0.1",
 "types 0.0.1",
]

[[package]]
name = "types"
version = "0.0.1"

[[package]]
name = "uci"
version = "0.0.1"
dependencies = [
 "game 0.0.1",
 "log 0.2.4 (registry+https://github.com/rust-lang/crates.io-index)",
 "search 0.0.1",
 "time 0.1.17 (registry+https://github.com/rust-lang/crates.io-index)",
 "timer 0.0.1",
 "types 0.0.1",
]

