[root]
name = "timer"
version = "0.0.1"
dependencies = [
 "game 0.0.1",
]

[[package]]
name = "game"
version = "0.0.1"
dependencies = [
 "lazy_static 0.1.7 (registry+https://github.com/rust-lang/crates.io-index)",
 "log 0.2.5 (registry+https://github.com/rust-lang/crates.io-index)",
]

[[package]]
name = "lazy_static"
version = "0.1.7"
source = "registry+https://github.com/rust-lang/crates.io-index"

[[package]]
name = "log"
version = "0.2.5"
source = "registry+https://github.com/rust-lang/crates.io-index"

